// !$*UTF8*$!
{
	archiveVersion = 1;
	classes = {
	};
	objectVersion = 50;
	objects = {

/* Begin PBXBuildFile section */
		F7018ACF2462AC5A009AEA69 /* Facility.swift in Sources */ = {isa = PBXBuildFile; fileRef = F7018ACE2462AC5A009AEA69 /* Facility.swift */; };
		F766FD05245C2462003A97C9 /* AppDelegate.swift in Sources */ = {isa = PBXBuildFile; fileRef = F766FD04245C2462003A97C9 /* AppDelegate.swift */; };
		F766FD07245C2462003A97C9 /* SceneDelegate.swift in Sources */ = {isa = PBXBuildFile; fileRef = F766FD06245C2462003A97C9 /* SceneDelegate.swift */; };
		F766FD0C245C2462003A97C9 /* Main.storyboard in Resources */ = {isa = PBXBuildFile; fileRef = F766FD0A245C2462003A97C9 /* Main.storyboard */; };
		F766FD0E245C2464003A97C9 /* Assets.xcassets in Resources */ = {isa = PBXBuildFile; fileRef = F766FD0D245C2464003A97C9 /* Assets.xcassets */; };
		F766FD11245C2464003A97C9 /* LaunchScreen.storyboard in Resources */ = {isa = PBXBuildFile; fileRef = F766FD0F245C2464003A97C9 /* LaunchScreen.storyboard */; };
		F766FD19245C2483003A97C9 /* MapViewController.swift in Sources */ = {isa = PBXBuildFile; fileRef = F766FD18245C2483003A97C9 /* MapViewController.swift */; };
		F766FD20246175CF003A97C9 /* FacilityViewController.swift in Sources */ = {isa = PBXBuildFile; fileRef = F766FD1F246175CF003A97C9 /* FacilityViewController.swift */; };
		F766FD2224617A41003A97C9 /* FacilityCell.swift in Sources */ = {isa = PBXBuildFile; fileRef = F766FD2124617A41003A97C9 /* FacilityCell.swift */; };
		F7DBED122461B44F000BCE82 /* InfoViewController.swift in Sources */ = {isa = PBXBuildFile; fileRef = F7DBED112461B44F000BCE82 /* InfoViewController.swift */; };
/* End PBXBuildFile section */

/* Begin PBXFileReference section */
		F7018ACE2462AC5A009AEA69 /* Facility.swift */ = {isa = PBXFileReference; lastKnownFileType = sourcecode.swift; path = Facility.swift; sourceTree = "<group>"; };
		F766FD01245C2462003A97C9 /* CoronaTestFacilitiesNearbyExample.app */ = {isa = PBXFileReference; explicitFileType = wrapper.application; includeInIndex = 0; path = CoronaTestFacilitiesNearbyExample.app; sourceTree = BUILT_PRODUCTS_DIR; };
		F766FD04245C2462003A97C9 /* AppDelegate.swift */ = {isa = PBXFileReference; lastKnownFileType = sourcecode.swift; path = AppDelegate.swift; sourceTree = "<group>"; };
		F766FD06245C2462003A97C9 /* SceneDelegate.swift */ = {isa = PBXFileReference; lastKnownFileType = sourcecode.swift; path = SceneDelegate.swift; sourceTree = "<group>"; };
		F766FD0B245C2462003A97C9 /* Base */ = {isa = PBXFileReference; lastKnownFileType = file.storyboard; name = Base; path = Base.lproj/Main.storyboard; sourceTree = "<group>"; };
		F766FD0D245C2464003A97C9 /* Assets.xcassets */ = {isa = PBXFileReference; lastKnownFileType = folder.assetcatalog; path = Assets.xcassets; sourceTree = "<group>"; };
		F766FD10245C2464003A97C9 /* Base */ = {isa = PBXFileReference; lastKnownFileType = file.storyboard; name = Base; path = Base.lproj/LaunchScreen.storyboard; sourceTree = "<group>"; };
		F766FD12245C2464003A97C9 /* Info.plist */ = {isa = PBXFileReference; lastKnownFileType = text.plist.xml; path = Info.plist; sourceTree = "<group>"; };
		F766FD18245C2483003A97C9 /* MapViewController.swift */ = {isa = PBXFileReference; lastKnownFileType = sourcecode.swift; path = MapViewController.swift; sourceTree = "<group>"; };
		F766FD1F246175CF003A97C9 /* FacilityViewController.swift */ = {isa = PBXFileReference; lastKnownFileType = sourcecode.swift; path = FacilityViewController.swift; sourceTree = "<group>"; };
		F766FD2124617A41003A97C9 /* FacilityCell.swift */ = {isa = PBXFileReference; lastKnownFileType = sourcecode.swift; path = FacilityCell.swift; sourceTree = "<group>"; };
		F7DBED112461B44F000BCE82 /* InfoViewController.swift */ = {isa = PBXFileReference; lastKnownFileType = sourcecode.swift; path = InfoViewController.swift; sourceTree = "<group>"; };
/* End PBXFileReference section */

/* Begin PBXFrameworksBuildPhase section */
		F766FCFE245C2462003A97C9 /* Frameworks */ = {
			isa = PBXFrameworksBuildPhase;
			buildActionMask = 2147483647;
			files = (
			);
			runOnlyForDeploymentPostprocessing = 0;
		};
/* End PBXFrameworksBuildPhase section */

/* Begin PBXGroup section */
		F766FCF8245C2462003A97C9 = {
			isa = PBXGroup;
			children = (
				F766FD03245C2462003A97C9 /* CoronaTestFacilitiesNearbyExample */,
				F766FD02245C2462003A97C9 /* Products */,
			);
			sourceTree = "<group>";
		};
		F766FD02245C2462003A97C9 /* Products */ = {
			isa = PBXGroup;
			children = (
				F766FD01245C2462003A97C9 /* CoronaTestFacilitiesNearbyExample.app */,
			);
			name = Products;
			sourceTree = "<group>";
		};
		F766FD03245C2462003A97C9 /* CoronaTestFacilitiesNearbyExample */ = {
			isa = PBXGroup;
			children = (
				F7DBED132461BF7B000BCE82 /* Classes */,
				F766FD2324617A4B003A97C9 /* TableCells */,
				F766FD04245C2462003A97C9 /* AppDelegate.swift */,
				F766FD06245C2462003A97C9 /* SceneDelegate.swift */,
				F766FD18245C2483003A97C9 /* MapViewController.swift */,
				F766FD1F246175CF003A97C9 /* FacilityViewController.swift */,
				F7DBED112461B44F000BCE82 /* InfoViewController.swift */,
				F766FD0A245C2462003A97C9 /* Main.storyboard */,
				F766FD0D245C2464003A97C9 /* Assets.xcassets */,
				F766FD0F245C2464003A97C9 /* LaunchScreen.storyboard */,
				F766FD12245C2464003A97C9 /* Info.plist */,
			);
			path = CoronaTestFacilitiesNearbyExample;
			sourceTree = "<group>";
		};
		F766FD2324617A4B003A97C9 /* TableCells */ = {
			isa = PBXGroup;
			children = (
				F766FD2124617A41003A97C9 /* FacilityCell.swift */,
			);
			path = TableCells;
			sourceTree = "<group>";
		};
		F7DBED132461BF7B000BCE82 /* Classes */ = {
			isa = PBXGroup;
			children = (
				F7018ACE2462AC5A009AEA69 /* Facility.swift */,
			);
			path = Classes;
			sourceTree = "<group>";
		};
/* End PBXGroup section */

/* Begin PBXNativeTarget section */
		F766FD00245C2462003A97C9 /* CoronaTestFacilitiesNearbyExample */ = {
			isa = PBXNativeTarget;
			buildConfigurationList = F766FD15245C2464003A97C9 /* Build configuration list for PBXNativeTarget "CoronaTestFacilitiesNearbyExample" */;
			buildPhases = (
				F766FCFD245C2462003A97C9 /* Sources */,
				F766FCFE245C2462003A97C9 /* Frameworks */,
				F766FCFF245C2462003A97C9 /* Resources */,
			);
			buildRules = (
			);
			dependencies = (
			);
			name = CoronaTestFacilitiesNearbyExample;
			productName = CoronaTestFacilitiesNearbyExample;
			productReference = F766FD01245C2462003A97C9 /* CoronaTestFacilitiesNearbyExample.app */;
			productType = "com.apple.product-type.application";
		};
/* End PBXNativeTarget section */

/* Begin PBXProject section */
		F766FCF9245C2462003A97C9 /* Project object */ = {
			isa = PBXProject;
			attributes = {
				LastSwiftUpdateCheck = 1130;
				LastUpgradeCheck = 1130;
				ORGANIZATIONNAME = "Mathias Møller";
				TargetAttributes = {
					F766FD00245C2462003A97C9 = {
						CreatedOnToolsVersion = 11.3.1;
					};
				};
			};
			buildConfigurationList = F766FCFC245C2462003A97C9 /* Build configuration list for PBXProject "CoronaTestFacilitiesNearbyExample" */;
			compatibilityVersion = "Xcode 9.3";
			developmentRegion = en;
			hasScannedForEncodings = 0;
			knownRegions = (
				en,
				Base,
			);
			mainGroup = F766FCF8245C2462003A97C9;
			productRefGroup = F766FD02245C2462003A97C9 /* Products */;
			projectDirPath = "";
			projectRoot = "";
			targets = (
				F766FD00245C2462003A97C9 /* CoronaTestFacilitiesNearbyExample */,
			);
		};
/* End PBXProject section */

/* Begin PBXResourcesBuildPhase section */
		F766FCFF245C2462003A97C9 /* Resources */ = {
			isa = PBXResourcesBuildPhase;
			buildActionMask = 2147483647;
			files = (
				F766FD11245C2464003A97C9 /* LaunchScreen.storyboard in Resources */,
				F766FD0E245C2464003A97C9 /* Assets.xcassets in Resources */,
				F766FD0C245C2462003A97C9 /* Main.storyboard in Resources */,
			);
			runOnlyForDeploymentPostprocessing = 0;
		};
/* End PBXResourcesBuildPhase section */

/* Begin PBXSourcesBuildPhase section */
		F766FCFD245C2462003A97C9 /* Sources */ = {
			isa = PBXSourcesBuildPhase;
			buildActionMask = 2147483647;
			files = (
				F766FD2224617A41003A97C9 /* FacilityCell.swift in Sources */,
				F766FD05245C2462003A97C9 /* AppDelegate.swift in Sources */,
				F766FD07245C2462003A97C9 /* SceneDelegate.swift in Sources */,
				F766FD20246175CF003A97C9 /* FacilityViewController.swift in Sources */,
				F7DBED122461B44F000BCE82 /* InfoViewController.swift in Sources */,
				F7018ACF2462AC5A009AEA69 /* Facility.swift in Sources */,
				F766FD19245C2483003A97C9 /* MapViewController.swift in Sources */,
			);
			runOnlyForDeploymentPostprocessing = 0;
		};
/* End PBXSourcesBuildPhase section */

/* Begin PBXVariantGroup section */
		F766FD0A245C2462003A97C9 /* Main.storyboard */ = {
			isa = PBXVariantGroup;
			children = (
				F766FD0B245C2462003A97C9 /* Base */,
			);
			name = Main.storyboard;
			sourceTree = "<group>";
		};
		F766FD0F245C2464003A97C9 /* LaunchScreen.storyboard */ = {
			isa = PBXVariantGroup;
			children = (
				F766FD10245C2464003A97C9 /* Base */,
			);
			name = LaunchScreen.storyboard;
			sourceTree = "<group>";
		};
/* End PBXVariantGroup section */

/* Begin XCBuildConfiguration section */
		F766FD13245C2464003A97C9 /* Debug */ = {
			isa = XCBuildConfiguration;
			buildSettings = {
				ALWAYS_SEARCH_USER_PATHS = NO;
				CLANG_ANALYZER_NONNULL = YES;
				CLANG_ANALYZER_NUMBER_OBJECT_CONVERSION = YES_AGGRESSIVE;
				CLANG_CXX_LANGUAGE_STANDARD = "gnu++14";
				CLANG_CXX_LIBRARY = "libc++";
				CLANG_ENABLE_MODULES = YES;
				CLANG_ENABLE_OBJC_ARC = YES;
				CLANG_ENABLE_OBJC_WEAK = YES;
				CLANG_WARN_BLOCK_CAPTURE_AUTORELEASING = YES;
				CLANG_WARN_BOOL_CONVERSION = YES;
				CLANG_WARN_COMMA = YES;
				CLANG_WARN_CONSTANT_CONVERSION = YES;
				CLANG_WARN_DEPRECATED_OBJC_IMPLEMENTATIONS = YES;
				CLANG_WARN_DIRECT_OBJC_ISA_USAGE = YES_ERROR;
				CLANG_WARN_DOCUMENTATION_COMMENTS = YES;
				CLANG_WARN_EMPTY_BODY = YES;
				CLANG_WARN_ENUM_CONVERSION = YES;
				CLANG_WARN_INFINITE_RECURSION = YES;
				CLANG_WARN_INT_CONVERSION = YES;
				CLANG_WARN_NON_LITERAL_NULL_CONVERSION = YES;
				CLANG_WARN_OBJC_IMPLICIT_RETAIN_SELF = YES;
				CLANG_WARN_OBJC_LITERAL_CONVERSION = YES;
				CLANG_WARN_OBJC_ROOT_CLASS = YES_ERROR;
				CLANG_WARN_RANGE_LOOP_ANALYSIS = YES;
				CLANG_WARN_STRICT_PROTOTYPES = YES;
				CLANG_WARN_SUSPICIOUS_MOVE = YES;
				CLANG_WARN_UNGUARDED_AVAILABILITY = YES_AGGRESSIVE;
				CLANG_WARN_UNREACHABLE_CODE = YES;
				CLANG_WARN__DUPLICATE_METHOD_MATCH = YES;
				COPY_PHASE_STRIP = NO;
				DEBUG_INFORMATION_FORMAT = dwarf;
				ENABLE_STRICT_OBJC_MSGSEND = YES;
				ENABLE_TESTABILITY = YES;
				GCC_C_LANGUAGE_STANDARD = gnu11;
				GCC_DYNAMIC_NO_PIC = NO;
				GCC_NO_COMMON_BLOCKS = YES;
				GCC_OPTIMIZATION_LEVEL = 0;
				GCC_PREPROCESSOR_DEFINITIONS = (
					"DEBUG=1",
					"$(inherited)",
				);
				GCC_WARN_64_TO_32_BIT_CONVERSION = YES;
				GCC_WARN_ABOUT_RETURN_TYPE = YES_ERROR;
				GCC_WARN_UNDECLARED_SELECTOR = YES;
				GCC_WARN_UNINITIALIZED_AUTOS = YES_AGGRESSIVE;
				GCC_WARN_UNUSED_FUNCTION = YES;
				GCC_WARN_UNUSED_VARIABLE = YES;
				IPHONEOS_DEPLOYMENT_TARGET = 13.2;
				MTL_ENABLE_DEBUG_INFO = INCLUDE_SOURCE;
				MTL_FAST_MATH = YES;
				ONLY_ACTIVE_ARCH = YES;
				SDKROOT = iphoneos;
				SWIFT_ACTIVE_COMPILATION_CONDITIONS = DEBUG;
				SWIFT_OPTIMIZATION_LEVEL = "-Onone";
			};
			name = Debug;
		};
		F766FD14245C2464003A97C9 /* Release */ = {
			isa = XCBuildConfiguration;
			buildSettings = {
				ALWAYS_SEARCH_USER_PATHS = NO;
				CLANG_ANALYZER_NONNULL = YES;
				CLANG_ANALYZER_NUMBER_OBJECT_CONVERSION = YES_AGGRESSIVE;
				CLANG_CXX_LANGUAGE_STANDARD = "gnu++14";
				CLANG_CXX_LIBRARY = "libc++";
				CLANG_ENABLE_MODULES = YES;
				CLANG_ENABLE_OBJC_ARC = YES;
				CLANG_ENABLE_OBJC_WEAK = YES;
				CLANG_WARN_BLOCK_CAPTURE_AUTORELEASING = YES;
				CLANG_WARN_BOOL_CONVERSION = YES;
				CLANG_WARN_COMMA = YES;
				CLANG_WARN_CONSTANT_CONVERSION = YES;
				CLANG_WARN_DEPRECATED_OBJC_IMPLEMENTATIONS = YES;
				CLANG_WARN_DIRECT_OBJC_ISA_USAGE = YES_ERROR;
				CLANG_WARN_DOCUMENTATION_COMMENTS = YES;
				CLANG_WARN_EMPTY_BODY = YES;
				CLANG_WARN_ENUM_CONVERSION = YES;
				CLANG_WARN_INFINITE_RECURSION = YES;
				CLANG_WARN_INT_CONVERSION = YES;
				CLANG_WARN_NON_LITERAL_NULL_CONVERSION = YES;
				CLANG_WARN_OBJC_IMPLICIT_RETAIN_SELF = YES;
				CLANG_WARN_OBJC_LITERAL_CONVERSION = YES;
				CLANG_WARN_OBJC_ROOT_CLASS = YES_ERROR;
				CLANG_WARN_RANGE_LOOP_ANALYSIS = YES;
				CLANG_WARN_STRICT_PROTOTYPES = YES;
				CLANG_WARN_SUSPICIOUS_MOVE = YES;
				CLANG_WARN_UNGUARDED_AVAILABILITY = YES_AGGRESSIVE;
				CLANG_WARN_UNREACHABLE_CODE = YES;
				CLANG_WARN__DUPLICATE_METHOD_MATCH = YES;
				COPY_PHASE_STRIP = NO;
				DEBUG_INFORMATION_FORMAT = "dwarf-with-dsym";
				ENABLE_NS_ASSERTIONS = NO;
				ENABLE_STRICT_OBJC_MSGSEND = YES;
				GCC_C_LANGUAGE_STANDARD = gnu11;
				GCC_NO_COMMON_BLOCKS = YES;
				GCC_WARN_64_TO_32_BIT_CONVERSION = YES;
				GCC_WARN_ABOUT_RETURN_TYPE = YES_ERROR;
				GCC_WARN_UNDECLARED_SELECTOR = YES;
				GCC_WARN_UNINITIALIZED_AUTOS = YES_AGGRESSIVE;
				GCC_WARN_UNUSED_FUNCTION = YES;
				GCC_WARN_UNUSED_VARIABLE = YES;
				IPHONEOS_DEPLOYMENT_TARGET = 13.2;
				MTL_ENABLE_DEBUG_INFO = NO;
				MTL_FAST_MATH = YES;
				SDKROOT = iphoneos;
				SWIFT_COMPILATION_MODE = wholemodule;
				SWIFT_OPTIMIZATION_LEVEL = "-O";
				VALIDATE_PRODUCT = YES;
			};
			name = Release;
		};
		F766FD16245C2464003A97C9 /* Debug */ = {
			isa = XCBuildConfiguration;
			buildSettings = {
				ASSETCATALOG_COMPILER_APPICON_NAME = AppIcon;
				CODE_SIGN_STYLE = Automatic;
				DEVELOPMENT_TEAM = 8X7GCV2QW6;
				INFOPLIST_FILE = CoronaTestFacilitiesNearbyExample/Info.plist;
				LD_RUNPATH_SEARCH_PATHS = (
					"$(inherited)",
					"@executable_path/Frameworks",
				);
				PRODUCT_BUNDLE_IDENTIFIER = Matter.CoronaTestFacilitiesNearbyExample;
				PRODUCT_NAME = "$(TARGET_NAME)";
				SWIFT_VERSION = 5.0;
				TARGETED_DEVICE_FAMILY = "1,2";
			};
			name = Debug;
		};
		F766FD17245C2464003A97C9 /* Release */ = {
			isa = XCBuildConfiguration;
			buildSettings = {
				ASSETCATALOG_COMPILER_APPICON_NAME = AppIcon;
				CODE_SIGN_STYLE = Automatic;
				DEVELOPMENT_TEAM = 8X7GCV2QW6;
				INFOPLIST_FILE = CoronaTestFacilitiesNearbyExample/Info.plist;
				LD_RUNPATH_SEARCH_PATHS = (
					"$(inherited)",
					"@executable_path/Frameworks",
				);
				PRODUCT_BUNDLE_IDENTIFIER = Matter.CoronaTestFacilitiesNearbyExample;
				PRODUCT_NAME = "$(TARGET_NAME)";
				SWIFT_VERSION = 5.0;
				TARGETED_DEVICE_FAMILY = "1,2";
			};
			name = Release;
		};
/* End XCBuildConfiguration section */

/* Begin XCConfigurationList section */
		F766FCFC245C2462003A97C9 /* Build configuration list for PBXProject "CoronaTestFacilitiesNearbyExample" */ = {
			isa = XCConfigurationList;
			buildConfigurations = (
				F766FD13245C2464003A97C9 /* Debug */,
				F766FD14245C2464003A97C9 /* Release */,
			);
			defaultConfigurationIsVisible = 0;
			defaultConfigurationName = Release;
		};
		F766FD15245C2464003A97C9 /* Build configuration list for PBXNativeTarget "CoronaTestFacilitiesNearbyExample" */ = {
			isa = XCConfigurationList;
			buildConfigurations = (
				F766FD16245C2464003A97C9 /* Debug */,
				F766FD17245C2464003A97C9 /* Release */,
			);
			defaultConfigurationIsVisible = 0;
			defaultConfigurationName = Release;
		};
/* End XCConfigurationList section */
	};
	rootObject = F766FCF9245C2462003A97C9 /* Project object */;
}
